# THIS IS AN AUTOGENERATED FILE. DO NOT EDIT THIS FILE DIRECTLY.
# yarn lockfile v1


"@antv/adjust@~0.1.1":
  version "0.1.1"
  resolved "https://registry.npmjs.org/@antv/adjust/-/adjust-0.1.1.tgz#e263ab0e1a1941a648842fc086cf65a7e3b75e98"
  integrity sha512-9FaMOyBlM4AgoRL0b5o0VhEKAYkexBNUrxV8XmpHU/9NBPJONBOB/NZUlQDqxtLItrt91tCfbAuMQmF529UX2Q==
  dependencies:
    "@antv/util" "~1.3.1"

"@antv/f2@^3.8.10-beta.1":
  version "3.8.13"
  resolved "https://registry.npmjs.org/@antv/f2/-/f2-3.8.13.tgz#4ce19f615035f3d56aae16f5d230e35bfa230267"
  integrity sha512-bt8blPrcRIUOkComn593gq9dDLyyrbB5929dEJlKTlLirBWHDEa7xgigE7J1lL7WlnsH9yRxA4WwE1oHJug7EA==
  dependencies:
    "@antv/adjust" "~0.1.1"
    "@antv/scale" "~0.3.3"
    "@antv/util" "~2.0.6"
    "@babel/runtime" "^7.7.7"
    "@types/hammerjs" "^2.0.36"
    hammerjs "^2.0.8"
    type-fest "^0.15.1"

"@antv/gl-matrix@^2.7.1":
  version "2.7.1"
  resolved "https://registry.npmjs.org/@antv/gl-matrix/-/gl-matrix-2.7.1.tgz#acb8e37f7ab3df01345aba4372d7942be42eba14"
  integrity sha512-oOWcVNlpELIKi9x+Mm1Vwbz8pXfkbJKykoCIOJ/dNK79hSIANbpXJ5d3Rra9/wZqK6MC961B7sybFhPlLraT3Q==

"@antv/scale@~0.3.3":
  version "0.3.18"
  resolved "https://registry.npmjs.org/@antv/scale/-/scale-0.3.18.tgz#b911f431b3e0b9547b6a65f66d0d3fa295b5ef32"
  integrity sha512-GHwE6Lo7S/Q5fgaLPaCsW+CH+3zl4aXpnN1skOiEY0Ue9/u+s2EySv6aDXYkAqs//i0uilMDD/0/4n8caX9U9w==
  dependencies:
    "@antv/util" "~2.0.3"
    fecha "~4.2.0"
    tslib "^2.0.0"

"@antv/util@~1.3.1":
  version "1.3.1"
  resolved "https://registry.npmjs.org/@antv/util/-/util-1.3.1.tgz#30a34b201ff9126ec0d58c72c8166a9c3e644ccd"
  integrity sha512-cbUta0hIJrKEaW3eKoGarz3Ita+9qUPF2YzTj8A6wds/nNiy20G26ztIWHU+5ThLc13B1n5Ik52LbaCaeg9enA==
  dependencies:
    "@antv/gl-matrix" "^2.7.1"

"@antv/util@~2.0.3", "@antv/util@~2.0.6":
  version "2.0.17"
  resolved "https://registry.npmjs.org/@antv/util/-/util-2.0.17.tgz#e8ef42aca7892815b229269f3dd10c6b3c7597a9"
  integrity sha512-o6I9hi5CIUvLGDhth0RxNSFDRwXeywmt6ExR4+RmVAzIi48ps6HUy+svxOCayvrPBN37uE6TAc2KDofRo0nK9Q==
  dependencies:
    csstype "^3.0.8"
    tslib "^2.0.3"

"@babel/runtime@^7.7.7", "@babel/runtime@^7.9.2":
  version "7.26.0"
  resolved "https://registry.npmjs.org/@babel/runtime/-/runtime-7.26.0.tgz#8600c2f595f277c60815256418b85356a65173c1"
  integrity sha512-FDSOghenHTiToteC/QRlv2q3DhPZ/oOXTBoirfWNx1Cx3TMVcGWQtMMmQcSvb/JjpNeGzx8Pq/b4fKEJuWm1sw==
  dependencies:
    regenerator-runtime "^0.14.0"

"@tuya-miniapp/miniapp-canvas@^2.0.0":
  version "2.0.0"
  resolved "https://registry.npmjs.org/@tuya-miniapp/miniapp-canvas/-/miniapp-canvas-2.0.0.tgz#c49b4715b76ba5fd947a52606bd18f6af82fa7a6"
  integrity sha512-SA/0KdBGGXCspf8QBEozO+Hicp45gHc31uUXyoCGYKA5o89K0NOSJT9i8PRwy8/DM2y4KXW6+fARIsfGCD9cNw==

"@tuya-miniapp/miniapp-components-plus@2.10.4":
  version "2.10.4"
  resolved "https://registry.npmjs.org/@tuya-miniapp/miniapp-components-plus/-/miniapp-components-plus-2.10.4.tgz#12201492632de17dcfc703b6cd3c2ae2956150a0"
  integrity sha512-uz+mDUo4cHYmfa9UdNyQHvEC+5ZwKxvsWconynlddFPp8NXeISx8A+G7QfPtWO194LEoMMcP4Zv5JXthgjWnfw==

"@tuya-miniapp/miniapp-gesture@^2.0.2":
  version "2.0.3"
  resolved "https://registry.npmjs.org/@tuya-miniapp/miniapp-gesture/-/miniapp-gesture-2.0.3.tgz#cdeeaf265bea9779f4370586fe6077d73ad6c889"
  integrity sha512-EQHh/6chOt7TIhxUX09bDcXsHKi31d/yeiMZXUT68t7l5nvS9y3obRjGBJDqIv07sevpUySK9qhXk93IRqOVQg==

"@tuya-miniapp/rjs-adapter@^1.0.3":
  version "1.0.4"
  resolved "https://registry.npmjs.org/@tuya-miniapp/rjs-adapter/-/rjs-adapter-1.0.4.tgz#7877d6b9480398b9039a88018f549225c54a2404"
  integrity sha512-85zS+P6W5SI/BSonKg0Fpyi2YuXHP34Bn4POgT4409ohNxyNz/Jlu/IoF6K0rcD7iEthd/oov9kgDla7pyO4Fg==

"@types/hammerjs@^2.0.36":
  version "2.0.46"
  resolved "https://registry.npmjs.org/@types/hammerjs/-/hammerjs-2.0.46.tgz#381daaca1360ff8a7c8dff63f32e69745b9fb1e1"
  integrity sha512-ynRvcq6wvqexJ9brDMS4BnBLzmr0e14d6ZJTEShTBWKymQiHwlAyGu0ZPEFI2Fh1U53F7tN9ufClWM5KvqkKOw==

csstype@^3.0.8:
  version "3.1.3"
  resolved "https://registry.npmjs.org/csstype/-/csstype-3.1.3.tgz#d80ff294d114fb0e6ac500fbf85b60137d7eff81"
  integrity sha512-M1uQkMl8rQK/szD0LNhtqxIPLpimGm8sOBwU7lLnCpSbTyY3yeU1Vc7l4KT5zT4s/yOxHH5O7tIuuLOCnLADRw==

deep-diff@^0.3.5:
  version "0.3.8"
  resolved "https://registry.npmjs.org/deep-diff/-/deep-diff-0.3.8.tgz#c01de63efb0eec9798801d40c7e0dae25b582c84"
  integrity sha512-yVn6RZmHiGnxRKR9sJb3iVV2XTF1Ghh2DiWRZ3dMnGc43yUdWWF/kX6lQyk3+P84iprfWKU/8zFTrlkvtFm1ug==

fecha@~4.2.0:
  version "4.2.3"
  resolved "https://registry.npmjs.org/fecha/-/fecha-4.2.3.tgz#4d9ccdbc61e8629b259fdca67e65891448d569fd"
  integrity sha512-OP2IUU6HeYKJi3i0z4A19kHMQoLVs4Hc+DPqqxI2h/DPZHTm/vjsfC6P0b4jCMy14XizLBqvndQ+UilD7707Jw==

hammerjs@^2.0.8:
  version "2.0.8"
  resolved "https://registry.npmjs.org/hammerjs/-/hammerjs-2.0.8.tgz#04ef77862cff2bb79d30f7692095930222bf60f1"
  integrity sha512-tSQXBXS/MWQOn/RKckawJ61vvsDpCom87JgxiYdGwHdOa0ht0vzUWDlfioofFCRU0L+6NGDt6XzbgoJvZkMeRQ==

lottie-miniapp@^1.9.1:
  version "1.9.1"
  resolved "https://registry.npmjs.org/lottie-miniapp/-/lottie-miniapp-1.9.1.tgz#c5b30110849de7d571f86a43603f70b41dd70106"
  integrity sha512-5N3NePwg7fimyehcojRb2FsYnfh8D/wYkToGWCayMNXMBOAtWfoggFrUwuNwU8OG3LBlGGrTsuxDmhkGXoJ6BQ==

prettier@^3.2.5:
  version "3.3.3"
  resolved "https://registry.npmjs.org/prettier/-/prettier-3.3.3.tgz#30c54fe0be0d8d12e6ae61dbb10109ea00d53105"
  integrity sha512-i2tDNA0O5IrMO757lfrdQZCc2jPNDVntV0m/+4whiDfWaTKfMNgR7Qz0NAeGz/nRqF4m5/6CLzbP4/liHt12Ew==

redux-logger@^3.0.6:
  version "3.0.6"
  resolved "https://registry.npmjs.org/redux-logger/-/redux-logger-3.0.6.tgz#f7555966f3098f3c88604c449cf0baf5778274bf"
  integrity sha512-JoCIok7bg/XpqA1JqCqXFypuqBbQzGQySrhFzewB7ThcnysTO30l4VCst86AuB9T9tuT03MAA56Jw2PNhRSNCg==
  dependencies:
    deep-diff "^0.3.5"

redux-thunk@^2.3.0:
  version "2.4.2"
  resolved "https://registry.npmjs.org/redux-thunk/-/redux-thunk-2.4.2.tgz#b9d05d11994b99f7a91ea223e8b04cf0afa5ef3b"
  integrity sha512-+P3TjtnP0k/FEjcBL5FZpoovtvrTNT/UXd4/sluaSyrURlSlhLSzEdfsTBW7WsKB6yPvgd7q/iZPICFjW4o57Q==

redux@^4.1.1:
  version "4.2.1"
  resolved "https://registry.npmjs.org/redux/-/redux-4.2.1.tgz#c08f4306826c49b5e9dc901dee0452ea8fce6197"
  integrity sha512-LAUYz4lc+Do8/g7aeRa8JkyDErK6ekstQaqWQrNRW//MY1TvCEpMtpTWvlQ+FPbWCx+Xixu/6SHt5N0HR+SB4w==
  dependencies:
    "@babel/runtime" "^7.9.2"

regenerator-runtime@^0.14.0:
  version "0.14.1"
  resolved "https://registry.npmjs.org/regenerator-runtime/-/regenerator-runtime-0.14.1.tgz#356ade10263f685dda125100cd862c1db895327f"
  integrity sha512-dYnhHh0nJoMfnkZs6GmmhFknAGRrLznOu5nc9ML+EJxGvrx6H7teuevqVqCuPcPK//3eDrrjQhehXVx9cnkGdw==

tslib@^2.0.0, tslib@^2.0.3:
  version "2.8.1"
  resolved "https://registry.npmjs.org/tslib/-/tslib-2.8.1.tgz#612efe4ed235d567e8aba5f2a5fab70280ade83f"
  integrity sha512-oJFu94HQb+KVduSUQL7wnpmqnfmLsOA/nAh6b6EH0wCEoK0/mPeXU6c3wKDV83MkOuHPRHtSXKKU99IBazS/2w==

type-fest@^0.15.1:
  version "0.15.1"
  resolved "https://registry.npmjs.org/type-fest/-/type-fest-0.15.1.tgz#d2c4e73d3e4a53cf1a906396dd460a1c5178ca00"
  integrity sha512-n+UXrN8i5ioo7kqT/nF8xsEzLaqFra7k32SEsSPwvXVGyAcRgV/FUQN/sgfptJTR1oRmmq7z4IXMFSM7im7C9A==
