# THIS IS AN AUTOGENERATED FILE. DO NOT EDIT THIS FILE DIRECTLY.
# yarn lockfile v1


"@ray-js/mini-game-sdk@0.0.3":
  version "0.0.3"
  resolved "https://mirrors.huaweicloud.com/repository/npm/@ray-js/mini-game-sdk/-/mini-game-sdk-0.0.3.tgz#6bd331bf54c88123fb6891aacfeb8d994d57f32a"
  integrity sha512-B7XPGUilwonjByMxxkHWWuZorz6w8t7pYBTZGnIWCc0/FPJXKRWChtssdmoy94udCHfwqvEp9xLh5psDzJBqQA==
